
Microsoft Visual Studio Solution File, Format Version 12.00
# Visual Studio Version 16
VisualStudioVersion = 16.0.33214.272
MinimumVisualStudioVersion = 10.0.40219.1
Project("{FAE04EC0-301F-11D3-BF4B-00C04F79EFBC}") = "Диф.Зачет 5 вариант Бондырев", "Диф.Зачет 5 вариант Бондырев.csproj", "{6ED24F2C-B900-4DC5-9C6E-D1A5FDAF956C}"
EndProject
Global
	GlobalSection(SolutionConfigurationPlatforms) = preSolution
		Debug|Any CPU = Debug|Any CPU
		Release|Any CPU = Release|Any CPU
	EndGlobalSection
	GlobalSection(ProjectConfigurationPlatforms) = postSolution
		{6ED24F2C-B900-4DC5-9C6E-D1A5FDAF956C}.Debug|Any CPU.ActiveCfg = Debug|Any CPU
		{6ED24F2C-B900-4DC5-9C6E-D1A5FDAF956C}.Debug|Any CPU.Build.0 = Debug|Any CPU
		{6ED24F2C-B900-4DC5-9C6E-D1A5FDAF956C}.Release|Any CPU.ActiveCfg = Release|Any CPU
		{6ED24F2C-B900-4DC5-9C6E-D1A5FDAF956C}.Release|Any CPU.Build.0 = Release|Any CPU
	EndGlobalSection
	GlobalSection(SolutionProperties) = preSolution
		HideSolutionNode = FALSE
	EndGlobalSection
	GlobalSection(ExtensibilityGlobals) = postSolution
		SolutionGuid = {E49750DC-2AC7-4C48-AD1B-00F4D0CC2E62}
	EndGlobalSection
EndGlobal
